
Microsoft Visual Studio Solution File, Format Version 12.00
# Visual Studio 15
VisualStudioVersion = 15.0.27703.2047
MinimumVisualStudioVersion = 10.0.40219.1
Project("{FAE04EC0-301F-11D3-BF4B-00C04F79EFBC}") = "JWT2_", "JWT2_\JWT2_.csproj", "{6E416103-D5B1-41DA-9A3E-937F9432AC64}"
EndProject
Global
	GlobalSection(SolutionConfigurationPlatforms) = preSolution
		Debug|Any CPU = Debug|Any CPU
		Release|Any CPU = Release|Any CPU
	EndGlobalSection
	GlobalSection(ProjectConfigurationPlatforms) = postSolution
		{6E416103-D5B1-41DA-9A3E-937F9432AC64}.Debug|Any CPU.ActiveCfg = Debug|Any CPU
		{6E416103-D5B1-41DA-9A3E-937F9432AC64}.Debug|Any CPU.Build.0 = Debug|Any CPU
		{6E416103-D5B1-41DA-9A3E-937F9432AC64}.Release|Any CPU.ActiveCfg = Release|Any CPU
		{6E416103-D5B1-41DA-9A3E-937F9432AC64}.Release|Any CPU.Build.0 = Release|Any CPU
	EndGlobalSection
	GlobalSection(SolutionProperties) = preSolution
		HideSolutionNode = FALSE
	EndGlobalSection
	GlobalSection(ExtensibilityGlobals) = postSolution
		SolutionGuid = {CEDF1CC8-3B59-4B57-8C58-4012E32AEBC2}
	EndGlobalSection
EndGlobal
